
Microsoft Visual Studio Solution File, Format Version 12.00
# Visual Studio Version 16
VisualStudioVersion = 16.0.35425.106
MinimumVisualStudioVersion = 10.0.40219.1
Project("{FAE04EC0-301F-11D3-BF4B-00C04F79EFBC}") = "extractDataAPI", "extractDataAPI.csproj", "{B5DBF07A-E23A-433F-A478-A7CC42853DCA}"
EndProject
Global
	GlobalSection(SolutionConfigurationPlatforms) = preSolution
		Debug|Any CPU = Debug|Any CPU
		Release|Any CPU = Release|Any CPU
	EndGlobalSection
	GlobalSection(ProjectConfigurationPlatforms) = postSolution
		{B5DBF07A-E23A-433F-A478-A7CC42853DCA}.Debug|Any CPU.ActiveCfg = Debug|Any CPU
		{B5DBF07A-E23A-433F-A478-A7CC42853DCA}.Debug|Any CPU.Build.0 = Debug|Any CPU
		{B5DBF07A-E23A-433F-A478-A7CC42853DCA}.Release|Any CPU.ActiveCfg = Release|Any CPU
		{B5DBF07A-E23A-433F-A478-A7CC42853DCA}.Release|Any CPU.Build.0 = Release|Any CPU
	EndGlobalSection
	GlobalSection(SolutionProperties) = preSolution
		HideSolutionNode = FALSE
	EndGlobalSection
	GlobalSection(ExtensibilityGlobals) = postSolution
		SolutionGuid = {E7FB3C0B-B7C0-4562-8035-6371334826E8}
	EndGlobalSection
EndGlobal
